
Microsoft Visual Studio Solution File, Format Version 12.00
# Visual Studio Version 17
VisualStudioVersion = 17.1.32319.34
MinimumVisualStudioVersion = 10.0.40219.1
Project("{9A19103F-16F7-4668-BE54-9A1E7A4F7556}") = "EFCoreCodeFirst", "EFCoreCodeFirst.csproj", "{113BE376-BA64-454C-BB33-34864408D5D3}"
EndProject
Global
	GlobalSection(SolutionConfigurationPlatforms) = preSolution
		Debug|Any CPU = Debug|Any CPU
		Release|Any CPU = Release|Any CPU
	EndGlobalSection
	GlobalSection(ProjectConfigurationPlatforms) = postSolution
		{113BE376-BA64-454C-BB33-34864408D5D3}.Debug|Any CPU.ActiveCfg = Debug|Any CPU
		{113BE376-BA64-454C-BB33-34864408D5D3}.Debug|Any CPU.Build.0 = Debug|Any CPU
		{113BE376-BA64-454C-BB33-34864408D5D3}.Release|Any CPU.ActiveCfg = Release|Any CPU
		{113BE376-BA64-454C-BB33-34864408D5D3}.Release|Any CPU.Build.0 = Release|Any CPU
	EndGlobalSection
	GlobalSection(SolutionProperties) = preSolution
		HideSolutionNode = FALSE
	EndGlobalSection
	GlobalSection(ExtensibilityGlobals) = postSolution
		SolutionGuid = {0CCC1D03-6544-476C-AF05-BC9384E6BD73}
	EndGlobalSection
EndGlobal
