
Microsoft Visual Studio Solution File, Format Version 12.00
# Visual Studio Version 16
VisualStudioVersion = 16.0.32413.511
MinimumVisualStudioVersion = 10.0.40219.1
Project("{9A19103F-16F7-4668-BE54-9A1E7A4F7556}") = "Practical_17", "Practical_17.csproj", "{C24E5503-AC9B-4408-89C2-A0EE965C5747}"
EndProject
Project("{FAE04EC0-301F-11D3-BF4B-00C04F79EFBC}") = "WebApplication", "..\WebApplication\WebApplication.csproj", "{FB0C65C2-617E-492C-8863-5EC6215B8526}"
EndProject
Global
	GlobalSection(SolutionConfigurationPlatforms) = preSolution
		Debug|Any CPU = Debug|Any CPU
		Release|Any CPU = Release|Any CPU
	EndGlobalSection
	GlobalSection(ProjectConfigurationPlatforms) = postSolution
		{C24E5503-AC9B-4408-89C2-A0EE965C5747}.Debug|Any CPU.ActiveCfg = Debug|Any CPU
		{C24E5503-AC9B-4408-89C2-A0EE965C5747}.Debug|Any CPU.Build.0 = Debug|Any CPU
		{C24E5503-AC9B-4408-89C2-A0EE965C5747}.Release|Any CPU.ActiveCfg = Release|Any CPU
		{C24E5503-AC9B-4408-89C2-A0EE965C5747}.Release|Any CPU.Build.0 = Release|Any CPU
		{FB0C65C2-617E-492C-8863-5EC6215B8526}.Debug|Any CPU.ActiveCfg = Debug|Any CPU
		{FB0C65C2-617E-492C-8863-5EC6215B8526}.Debug|Any CPU.Build.0 = Debug|Any CPU
		{FB0C65C2-617E-492C-8863-5EC6215B8526}.Release|Any CPU.ActiveCfg = Release|Any CPU
		{FB0C65C2-617E-492C-8863-5EC6215B8526}.Release|Any CPU.Build.0 = Release|Any CPU
	EndGlobalSection
	GlobalSection(SolutionProperties) = preSolution
		HideSolutionNode = FALSE
	EndGlobalSection
	GlobalSection(ExtensibilityGlobals) = postSolution
		SolutionGuid = {351D2EAB-72EE-4E01-9A9A-8F99F2D3CBFD}
	EndGlobalSection
EndGlobal
